
Microsoft Visual Studio Solution File, Format Version 12.00
# Visual Studio Version 17
VisualStudioVersion = 17.3.32825.248
MinimumVisualStudioVersion = 10.0.40219.1
Project("{FAE04EC0-301F-11D3-BF4B-00C04F79EFBC}") = "HRM", "HRM.csproj", "{71182631-1A75-4DF8-9648-0E901D6B0A95}"
EndProject
Global
	GlobalSection(SolutionConfigurationPlatforms) = preSolution
		Debug|Any CPU = Debug|Any CPU
		Release|Any CPU = Release|Any CPU
	EndGlobalSection
	GlobalSection(ProjectConfigurationPlatforms) = postSolution
		{71182631-1A75-4DF8-9648-0E901D6B0A95}.Debug|Any CPU.ActiveCfg = Debug|Any CPU
		{71182631-1A75-4DF8-9648-0E901D6B0A95}.Debug|Any CPU.Build.0 = Debug|Any CPU
		{71182631-1A75-4DF8-9648-0E901D6B0A95}.Release|Any CPU.ActiveCfg = Release|Any CPU
		{71182631-1A75-4DF8-9648-0E901D6B0A95}.Release|Any CPU.Build.0 = Release|Any CPU
	EndGlobalSection
	GlobalSection(SolutionProperties) = preSolution
		HideSolutionNode = FALSE
	EndGlobalSection
	GlobalSection(ExtensibilityGlobals) = postSolution
		SolutionGuid = {9C9F31F0-FA56-4B25-B219-D968D6B9A7C2}
	EndGlobalSection
EndGlobal
